// !$*UTF8*$!
{
	archiveVersion = 1;
	classes = {
	};
	objectVersion = 55;
	objects = {

/* Begin PBXBuildFile section */
		19AB7E382834B022009F7A3E /* AppDelegate.swift in Sources */ = {isa = PBXBuildFile; fileRef = 19AB7E372834B022009F7A3E /* AppDelegate.swift */; };
		19AB7E3A2834B022009F7A3E /* SceneDelegate.swift in Sources */ = {isa = PBXBuildFile; fileRef = 19AB7E392834B022009F7A3E /* SceneDelegate.swift */; };
		19AB7E3F2834B023009F7A3E /* Main.storyboard in Resources */ = {isa = PBXBuildFile; fileRef = 19AB7E3D2834B023009F7A3E /* Main.storyboard */; };
		19AB7E412834B027009F7A3E /* Assets.xcassets in Resources */ = {isa = PBXBuildFile; fileRef = 19AB7E402834B027009F7A3E /* Assets.xcassets */; };
		19AB7E442834B027009F7A3E /* LaunchScreen.storyboard in Resources */ = {isa = PBXBuildFile; fileRef = 19AB7E422834B027009F7A3E /* LaunchScreen.storyboard */; };
		19AB7E592834B028009F7A3E /* NYCSchoolsUITests.swift in Sources */ = {isa = PBXBuildFile; fileRef = 19AB7E582834B028009F7A3E /* NYCSchoolsUITests.swift */; };
		19AB7E5B2834B028009F7A3E /* NYCSchoolsUITestsLaunchTests.swift in Sources */ = {isa = PBXBuildFile; fileRef = 19AB7E5A2834B028009F7A3E /* NYCSchoolsUITestsLaunchTests.swift */; };
		19AB7E6D28354B36009F7A3E /* SchoolListViewController.swift in Sources */ = {isa = PBXBuildFile; fileRef = 19AB7E6C28354B36009F7A3E /* SchoolListViewController.swift */; };
		19AB7E6F28354B53009F7A3E /* SchoolDetailsViewController.swift in Sources */ = {isa = PBXBuildFile; fileRef = 19AB7E6E28354B53009F7A3E /* SchoolDetailsViewController.swift */; };
		19AB7E7128354C03009F7A3E /* SchoolListCell.swift in Sources */ = {isa = PBXBuildFile; fileRef = 19AB7E7028354C03009F7A3E /* SchoolListCell.swift */; };
		19AB7E7328355152009F7A3E /* Utilities.swift in Sources */ = {isa = PBXBuildFile; fileRef = 19AB7E7228355152009F7A3E /* Utilities.swift */; };
		19AB7E75283553CE009F7A3E /* NetworkManager.swift in Sources */ = {isa = PBXBuildFile; fileRef = 19AB7E74283553CE009F7A3E /* NetworkManager.swift */; };
		19AB7E7728355B0C009F7A3E /* SchoolModels.swift in Sources */ = {isa = PBXBuildFile; fileRef = 19AB7E7628355B0C009F7A3E /* SchoolModels.swift */; };
		19AB7E79283579A1009F7A3E /* SchoolListViewModel.swift in Sources */ = {isa = PBXBuildFile; fileRef = 19AB7E78283579A1009F7A3E /* SchoolListViewModel.swift */; };
		19AB7E7B28357EF1009F7A3E /* DetailsViewModel.swift in Sources */ = {isa = PBXBuildFile; fileRef = 19AB7E7A28357EF1009F7A3E /* DetailsViewModel.swift */; };
		19AB7E7E28359CCC009F7A3E /* AppCoordinator.swift in Sources */ = {isa = PBXBuildFile; fileRef = 19AB7E7D28359CCC009F7A3E /* AppCoordinator.swift */; };
		19AB7E842835E92F009F7A3E /* SchoolsConstants.swift in Sources */ = {isa = PBXBuildFile; fileRef = 19AB7E832835E92F009F7A3E /* SchoolsConstants.swift */; };
		19AB7E8728365438009F7A3E /* Collections in Frameworks */ = {isa = PBXBuildFile; productRef = 19AB7E8628365438009F7A3E /* Collections */; };
		19AB7E8928365438009F7A3E /* DequeModule in Frameworks */ = {isa = PBXBuildFile; productRef = 19AB7E8828365438009F7A3E /* DequeModule */; };
		19AB7E8B28365438009F7A3E /* OrderedCollections in Frameworks */ = {isa = PBXBuildFile; productRef = 19AB7E8A28365438009F7A3E /* OrderedCollections */; };
		19AB7E8D2836571B009F7A3E /* README.md in Resources */ = {isa = PBXBuildFile; fileRef = 19AB7E8C2836571B009F7A3E /* README.md */; };
		19AB7E9528369092009F7A3E /* NYCSchoolTestMocks.swift in Sources */ = {isa = PBXBuildFile; fileRef = 19AB7E9428369092009F7A3E /* NYCSchoolTestMocks.swift */; };
		19AB7E972836A93F009F7A3E /* SchoolListViewModelTests.swift in Sources */ = {isa = PBXBuildFile; fileRef = 19AB7E962836A93F009F7A3E /* SchoolListViewModelTests.swift */; };
		19AB7E992836AB69009F7A3E /* DetailsViewModelTests.swift in Sources */ = {isa = PBXBuildFile; fileRef = 19AB7E982836AB69009F7A3E /* DetailsViewModelTests.swift */; };
		19AB7EA92836E98B009F7A3E /* SchoolListVCTests.swift in Sources */ = {isa = PBXBuildFile; fileRef = 19AB7EA82836E98B009F7A3E /* SchoolListVCTests.swift */; };
		19AB7EAB2836E99A009F7A3E /* SchoolDetailsVCTest.swift in Sources */ = {isa = PBXBuildFile; fileRef = 19AB7EAA2836E99A009F7A3E /* SchoolDetailsVCTest.swift */; };
		19E7A58128388F29006830BC /* AppCoordinatorTests.swift in Sources */ = {isa = PBXBuildFile; fileRef = 19E7A58028388F29006830BC /* AppCoordinatorTests.swift */; };
/* End PBXBuildFile section */

/* Begin PBXContainerItemProxy section */
		19AB7E4B2834B027009F7A3E /* PBXContainerItemProxy */ = {
			isa = PBXContainerItemProxy;
			containerPortal = 19AB7E2C2834B022009F7A3E /* Project object */;
			proxyType = 1;
			remoteGlobalIDString = 19AB7E332834B022009F7A3E;
			remoteInfo = NYCSchools;
		};
		19AB7E552834B028009F7A3E /* PBXContainerItemProxy */ = {
			isa = PBXContainerItemProxy;
			containerPortal = 19AB7E2C2834B022009F7A3E /* Project object */;
			proxyType = 1;
			remoteGlobalIDString = 19AB7E332834B022009F7A3E;
			remoteInfo = NYCSchools;
		};
/* End PBXContainerItemProxy section */

/* Begin PBXFileReference section */
		19AB7E342834B022009F7A3E /* NYCSchools.app */ = {isa = PBXFileReference; explicitFileType = wrapper.application; includeInIndex = 0; path = NYCSchools.app; sourceTree = BUILT_PRODUCTS_DIR; };
		19AB7E372834B022009F7A3E /* AppDelegate.swift */ = {isa = PBXFileReference; lastKnownFileType = sourcecode.swift; path = AppDelegate.swift; sourceTree = "<group>"; };
		19AB7E392834B022009F7A3E /* SceneDelegate.swift */ = {isa = PBXFileReference; lastKnownFileType = sourcecode.swift; path = SceneDelegate.swift; sourceTree = "<group>"; };
		19AB7E3E2834B023009F7A3E /* Base */ = {isa = PBXFileReference; lastKnownFileType = file.storyboard; name = Base; path = Base.lproj/Main.storyboard; sourceTree = "<group>"; };
		19AB7E402834B027009F7A3E /* Assets.xcassets */ = {isa = PBXFileReference; lastKnownFileType = folder.assetcatalog; path = Assets.xcassets; sourceTree = "<group>"; };
		19AB7E432834B027009F7A3E /* Base */ = {isa = PBXFileReference; lastKnownFileType = file.storyboard; name = Base; path = Base.lproj/LaunchScreen.storyboard; sourceTree = "<group>"; };
		19AB7E452834B027009F7A3E /* Info.plist */ = {isa = PBXFileReference; lastKnownFileType = text.plist.xml; path = Info.plist; sourceTree = "<group>"; };
		19AB7E4A2834B027009F7A3E /* NYCSchoolsTests.xctest */ = {isa = PBXFileReference; explicitFileType = wrapper.cfbundle; includeInIndex = 0; path = NYCSchoolsTests.xctest; sourceTree = BUILT_PRODUCTS_DIR; };
		19AB7E542834B028009F7A3E /* NYCSchoolsUITests.xctest */ = {isa = PBXFileReference; explicitFileType = wrapper.cfbundle; includeInIndex = 0; path = NYCSchoolsUITests.xctest; sourceTree = BUILT_PRODUCTS_DIR; };
		19AB7E582834B028009F7A3E /* NYCSchoolsUITests.swift */ = {isa = PBXFileReference; lastKnownFileType = sourcecode.swift; path = NYCSchoolsUITests.swift; sourceTree = "<group>"; };
		19AB7E5A2834B028009F7A3E /* NYCSchoolsUITestsLaunchTests.swift */ = {isa = PBXFileReference; lastKnownFileType = sourcecode.swift; path = NYCSchoolsUITestsLaunchTests.swift; sourceTree = "<group>"; };
		19AB7E6C28354B36009F7A3E /* SchoolListViewController.swift */ = {isa = PBXFileReference; lastKnownFileType = sourcecode.swift; path = SchoolListViewController.swift; sourceTree = "<group>"; };
		19AB7E6E28354B53009F7A3E /* SchoolDetailsViewController.swift */ = {isa = PBXFileReference; lastKnownFileType = sourcecode.swift; path = SchoolDetailsViewController.swift; sourceTree = "<group>"; };
		19AB7E7028354C03009F7A3E /* SchoolListCell.swift */ = {isa = PBXFileReference; lastKnownFileType = sourcecode.swift; path = SchoolListCell.swift; sourceTree = "<group>"; };
		19AB7E7228355152009F7A3E /* Utilities.swift */ = {isa = PBXFileReference; lastKnownFileType = sourcecode.swift; path = Utilities.swift; sourceTree = "<group>"; };
		19AB7E74283553CE009F7A3E /* NetworkManager.swift */ = {isa = PBXFileReference; lastKnownFileType = sourcecode.swift; path = NetworkManager.swift; sourceTree = "<group>"; };
		19AB7E7628355B0C009F7A3E /* SchoolModels.swift */ = {isa = PBXFileReference; lastKnownFileType = sourcecode.swift; path = SchoolModels.swift; sourceTree = "<group>"; };
		19AB7E78283579A1009F7A3E /* SchoolListViewModel.swift */ = {isa = PBXFileReference; lastKnownFileType = sourcecode.swift; path = SchoolListViewModel.swift; sourceTree = "<group>"; };
		19AB7E7A28357EF1009F7A3E /* DetailsViewModel.swift */ = {isa = PBXFileReference; lastKnownFileType = sourcecode.swift; path = DetailsViewModel.swift; sourceTree = "<group>"; };
		19AB7E7D28359CCC009F7A3E /* AppCoordinator.swift */ = {isa = PBXFileReference; lastKnownFileType = sourcecode.swift; path = AppCoordinator.swift; sourceTree = "<group>"; };
		19AB7E832835E92F009F7A3E /* SchoolsConstants.swift */ = {isa = PBXFileReference; lastKnownFileType = sourcecode.swift; path = SchoolsConstants.swift; sourceTree = "<group>"; };
		19AB7E8C2836571B009F7A3E /* README.md */ = {isa = PBXFileReference; lastKnownFileType = net.daringfireball.markdown; path = README.md; sourceTree = "<group>"; };
		19AB7E9428369092009F7A3E /* NYCSchoolTestMocks.swift */ = {isa = PBXFileReference; lastKnownFileType = sourcecode.swift; path = NYCSchoolTestMocks.swift; sourceTree = "<group>"; };
		19AB7E962836A93F009F7A3E /* SchoolListViewModelTests.swift */ = {isa = PBXFileReference; lastKnownFileType = sourcecode.swift; path = SchoolListViewModelTests.swift; sourceTree = "<group>"; };
		19AB7E982836AB69009F7A3E /* DetailsViewModelTests.swift */ = {isa = PBXFileReference; lastKnownFileType = sourcecode.swift; path = DetailsViewModelTests.swift; sourceTree = "<group>"; };
		19AB7EA82836E98B009F7A3E /* SchoolListVCTests.swift */ = {isa = PBXFileReference; lastKnownFileType = sourcecode.swift; path = SchoolListVCTests.swift; sourceTree = "<group>"; };
		19AB7EAA2836E99A009F7A3E /* SchoolDetailsVCTest.swift */ = {isa = PBXFileReference; lastKnownFileType = sourcecode.swift; path = SchoolDetailsVCTest.swift; sourceTree = "<group>"; };
		19E7A58028388F29006830BC /* AppCoordinatorTests.swift */ = {isa = PBXFileReference; lastKnownFileType = sourcecode.swift; path = AppCoordinatorTests.swift; sourceTree = "<group>"; };
/* End PBXFileReference section */

/* Begin PBXFrameworksBuildPhase section */
		19AB7E312834B022009F7A3E /* Frameworks */ = {
			isa = PBXFrameworksBuildPhase;
			buildActionMask = 2147483647;
			files = (
				19AB7E8728365438009F7A3E /* Collections in Frameworks */,
				19AB7E8928365438009F7A3E /* DequeModule in Frameworks */,
				19AB7E8B28365438009F7A3E /* OrderedCollections in Frameworks */,
			);
			runOnlyForDeploymentPostprocessing = 0;
		};
		19AB7E472834B027009F7A3E /* Frameworks */ = {
			isa = PBXFrameworksBuildPhase;
			buildActionMask = 2147483647;
			files = (
			);
			runOnlyForDeploymentPostprocessing = 0;
		};
		19AB7E512834B028009F7A3E /* Frameworks */ = {
			isa = PBXFrameworksBuildPhase;
			buildActionMask = 2147483647;
			files = (
			);
			runOnlyForDeploymentPostprocessing = 0;
		};
/* End PBXFrameworksBuildPhase section */

/* Begin PBXGroup section */
		19AB7E2B2834B022009F7A3E = {
			isa = PBXGroup;
			children = (
				19AB7E8C2836571B009F7A3E /* README.md */,
				19AB7E362834B022009F7A3E /* NYCSchools */,
				19AB7E4D2834B028009F7A3E /* NYCSchoolsTests */,
				19AB7E572834B028009F7A3E /* NYCSchoolsUITests */,
				19AB7E352834B022009F7A3E /* Products */,
			);
			sourceTree = "<group>";
		};
		19AB7E352834B022009F7A3E /* Products */ = {
			isa = PBXGroup;
			children = (
				19AB7E342834B022009F7A3E /* NYCSchools.app */,
				19AB7E4A2834B027009F7A3E /* NYCSchoolsTests.xctest */,
				19AB7E542834B028009F7A3E /* NYCSchoolsUITests.xctest */,
			);
			name = Products;
			sourceTree = "<group>";
		};
		19AB7E362834B022009F7A3E /* NYCSchools */ = {
			isa = PBXGroup;
			children = (
				19AB7E7C28359CAE009F7A3E /* Coordinators */,
				19AB7E6B28354A7D009F7A3E /* Models */,
				19AB7E6A28354A70009F7A3E /* Network */,
				19AB7E6928354A64009F7A3E /* ViewModels */,
				19AB7E6828354A57009F7A3E /* Utilities */,
				19AB7E6728354A3C009F7A3E /* Views */,
				19AB7E372834B022009F7A3E /* AppDelegate.swift */,
				19AB7E392834B022009F7A3E /* SceneDelegate.swift */,
				19AB7E3D2834B023009F7A3E /* Main.storyboard */,
				19AB7E402834B027009F7A3E /* Assets.xcassets */,
				19AB7E422834B027009F7A3E /* LaunchScreen.storyboard */,
				19AB7E452834B027009F7A3E /* Info.plist */,
			);
			path = NYCSchools;
			sourceTree = "<group>";
		};
		19AB7E4D2834B028009F7A3E /* NYCSchoolsTests */ = {
			isa = PBXGroup;
			children = (
				19AB7E9328368FC1009F7A3E /* ViewTests */,
				19AB7E9128368F8C009F7A3E /* ViewModelTests */,
				19AB7E8E28368F62009F7A3E /* CoordinatorTests */,
				19AB7E9428369092009F7A3E /* NYCSchoolTestMocks.swift */,
			);
			path = NYCSchoolsTests;
			sourceTree = "<group>";
		};
		19AB7E572834B028009F7A3E /* NYCSchoolsUITests */ = {
			isa = PBXGroup;
			children = (
				19AB7E582834B028009F7A3E /* NYCSchoolsUITests.swift */,
				19AB7E5A2834B028009F7A3E /* NYCSchoolsUITestsLaunchTests.swift */,
			);
			path = NYCSchoolsUITests;
			sourceTree = "<group>";
		};
		19AB7E6728354A3C009F7A3E /* Views */ = {
			isa = PBXGroup;
			children = (
				19AB7E6C28354B36009F7A3E /* SchoolListViewController.swift */,
				19AB7E6E28354B53009F7A3E /* SchoolDetailsViewController.swift */,
				19AB7E7028354C03009F7A3E /* SchoolListCell.swift */,
			);
			path = Views;
			sourceTree = "<group>";
		};
		19AB7E6828354A57009F7A3E /* Utilities */ = {
			isa = PBXGroup;
			children = (
				19AB7E7228355152009F7A3E /* Utilities.swift */,
			);
			path = Utilities;
			sourceTree = "<group>";
		};
		19AB7E6928354A64009F7A3E /* ViewModels */ = {
			isa = PBXGroup;
			children = (
				19AB7E78283579A1009F7A3E /* SchoolListViewModel.swift */,
				19AB7E7A28357EF1009F7A3E /* DetailsViewModel.swift */,
			);
			path = ViewModels;
			sourceTree = "<group>";
		};
		19AB7E6A28354A70009F7A3E /* Network */ = {
			isa = PBXGroup;
			children = (
				19AB7E74283553CE009F7A3E /* NetworkManager.swift */,
			);
			path = Network;
			sourceTree = "<group>";
		};
		19AB7E6B28354A7D009F7A3E /* Models */ = {
			isa = PBXGroup;
			children = (
				19AB7E7628355B0C009F7A3E /* SchoolModels.swift */,
				19AB7E832835E92F009F7A3E /* SchoolsConstants.swift */,
			);
			path = Models;
			sourceTree = "<group>";
		};
		19AB7E7C28359CAE009F7A3E /* Coordinators */ = {
			isa = PBXGroup;
			children = (
				19AB7E7D28359CCC009F7A3E /* AppCoordinator.swift */,
			);
			path = Coordinators;
			sourceTree = "<group>";
		};
		19AB7E8E28368F62009F7A3E /* CoordinatorTests */ = {
			isa = PBXGroup;
			children = (
				19E7A58028388F29006830BC /* AppCoordinatorTests.swift */,
			);
			path = CoordinatorTests;
			sourceTree = "<group>";
		};
		19AB7E9128368F8C009F7A3E /* ViewModelTests */ = {
			isa = PBXGroup;
			children = (
				19AB7E962836A93F009F7A3E /* SchoolListViewModelTests.swift */,
				19AB7E982836AB69009F7A3E /* DetailsViewModelTests.swift */,
			);
			path = ViewModelTests;
			sourceTree = "<group>";
		};
		19AB7E9328368FC1009F7A3E /* ViewTests */ = {
			isa = PBXGroup;
			children = (
				19AB7EA82836E98B009F7A3E /* SchoolListVCTests.swift */,
				19AB7EAA2836E99A009F7A3E /* SchoolDetailsVCTest.swift */,
			);
			path = ViewTests;
			sourceTree = "<group>";
		};
/* End PBXGroup section */

/* Begin PBXNativeTarget section */
		19AB7E332834B022009F7A3E /* NYCSchools */ = {
			isa = PBXNativeTarget;
			buildConfigurationList = 19AB7E5E2834B028009F7A3E /* Build configuration list for PBXNativeTarget "NYCSchools" */;
			buildPhases = (
				19AB7E302834B022009F7A3E /* Sources */,
				19AB7E312834B022009F7A3E /* Frameworks */,
				19AB7E322834B022009F7A3E /* Resources */,
			);
			buildRules = (
			);
			dependencies = (
			);
			name = NYCSchools;
			packageProductDependencies = (
				19AB7E8628365438009F7A3E /* Collections */,
				19AB7E8828365438009F7A3E /* DequeModule */,
				19AB7E8A28365438009F7A3E /* OrderedCollections */,
			);
			productName = NYCSchools;
			productReference = 19AB7E342834B022009F7A3E /* NYCSchools.app */;
			productType = "com.apple.product-type.application";
		};
		19AB7E492834B027009F7A3E /* NYCSchoolsTests */ = {
			isa = PBXNativeTarget;
			buildConfigurationList = 19AB7E612834B028009F7A3E /* Build configuration list for PBXNativeTarget "NYCSchoolsTests" */;
			buildPhases = (
				19AB7E462834B027009F7A3E /* Sources */,
				19AB7E472834B027009F7A3E /* Frameworks */,
				19AB7E482834B027009F7A3E /* Resources */,
			);
			buildRules = (
			);
			dependencies = (
				19AB7E4C2834B027009F7A3E /* PBXTargetDependency */,
			);
			name = NYCSchoolsTests;
			productName = NYCSchoolsTests;
			productReference = 19AB7E4A2834B027009F7A3E /* NYCSchoolsTests.xctest */;
			productType = "com.apple.product-type.bundle.unit-test";
		};
		19AB7E532834B028009F7A3E /* NYCSchoolsUITests */ = {
			isa = PBXNativeTarget;
			buildConfigurationList = 19AB7E642834B028009F7A3E /* Build configuration list for PBXNativeTarget "NYCSchoolsUITests" */;
			buildPhases = (
				19AB7E502834B028009F7A3E /* Sources */,
				19AB7E512834B028009F7A3E /* Frameworks */,
				19AB7E522834B028009F7A3E /* Resources */,
			);
			buildRules = (
			);
			dependencies = (
				19AB7E562834B028009F7A3E /* PBXTargetDependency */,
			);
			name = NYCSchoolsUITests;
			productName = NYCSchoolsUITests;
			productReference = 19AB7E542834B028009F7A3E /* NYCSchoolsUITests.xctest */;
			productType = "com.apple.product-type.bundle.ui-testing";
		};
/* End PBXNativeTarget section */

/* Begin PBXProject section */
		19AB7E2C2834B022009F7A3E /* Project object */ = {
			isa = PBXProject;
			attributes = {
				BuildIndependentTargetsInParallel = 1;
				LastSwiftUpdateCheck = 1320;
				LastUpgradeCheck = 1320;
				TargetAttributes = {
					19AB7E332834B022009F7A3E = {
						CreatedOnToolsVersion = 13.2.1;
					};
					19AB7E492834B027009F7A3E = {
						CreatedOnToolsVersion = 13.2.1;
						TestTargetID = 19AB7E332834B022009F7A3E;
					};
					19AB7E532834B028009F7A3E = {
						CreatedOnToolsVersion = 13.2.1;
						TestTargetID = 19AB7E332834B022009F7A3E;
					};
				};
			};
			buildConfigurationList = 19AB7E2F2834B022009F7A3E /* Build configuration list for PBXProject "NYCSchools" */;
			compatibilityVersion = "Xcode 13.0";
			developmentRegion = en;
			hasScannedForEncodings = 0;
			knownRegions = (
				en,
				Base,
			);
			mainGroup = 19AB7E2B2834B022009F7A3E;
			packageReferences = (
				19AB7E8528365438009F7A3E /* XCRemoteSwiftPackageReference "swift-collections" */,
			);
			productRefGroup = 19AB7E352834B022009F7A3E /* Products */;
			projectDirPath = "";
			projectRoot = "";
			targets = (
				19AB7E332834B022009F7A3E /* NYCSchools */,
				19AB7E492834B027009F7A3E /* NYCSchoolsTests */,
				19AB7E532834B028009F7A3E /* NYCSchoolsUITests */,
			);
		};
/* End PBXProject section */

/* Begin PBXResourcesBuildPhase section */
		19AB7E322834B022009F7A3E /* Resources */ = {
			isa = PBXResourcesBuildPhase;
			buildActionMask = 2147483647;
			files = (
				19AB7E442834B027009F7A3E /* LaunchScreen.storyboard in Resources */,
				19AB7E412834B027009F7A3E /* Assets.xcassets in Resources */,
				19AB7E8D2836571B009F7A3E /* README.md in Resources */,
				19AB7E3F2834B023009F7A3E /* Main.storyboard in Resources */,
			);
			runOnlyForDeploymentPostprocessing = 0;
		};
		19AB7E482834B027009F7A3E /* Resources */ = {
			isa = PBXResourcesBuildPhase;
			buildActionMask = 2147483647;
			files = (
			);
			runOnlyForDeploymentPostprocessing = 0;
		};
		19AB7E522834B028009F7A3E /* Resources */ = {
			isa = PBXResourcesBuildPhase;
			buildActionMask = 2147483647;
			files = (
			);
			runOnlyForDeploymentPostprocessing = 0;
		};
/* End PBXResourcesBuildPhase section */

/* Begin PBXSourcesBuildPhase section */
		19AB7E302834B022009F7A3E /* Sources */ = {
			isa = PBXSourcesBuildPhase;
			buildActionMask = 2147483647;
			files = (
				19AB7E7E28359CCC009F7A3E /* AppCoordinator.swift in Sources */,
				19AB7E7728355B0C009F7A3E /* SchoolModels.swift in Sources */,
				19AB7E842835E92F009F7A3E /* SchoolsConstants.swift in Sources */,
				19AB7E6F28354B53009F7A3E /* SchoolDetailsViewController.swift in Sources */,
				19AB7E79283579A1009F7A3E /* SchoolListViewModel.swift in Sources */,
				19AB7E7128354C03009F7A3E /* SchoolListCell.swift in Sources */,
				19AB7E7328355152009F7A3E /* Utilities.swift in Sources */,
				19AB7E6D28354B36009F7A3E /* SchoolListViewController.swift in Sources */,
				19AB7E75283553CE009F7A3E /* NetworkManager.swift in Sources */,
				19AB7E7B28357EF1009F7A3E /* DetailsViewModel.swift in Sources */,
				19AB7E382834B022009F7A3E /* AppDelegate.swift in Sources */,
				19AB7E3A2834B022009F7A3E /* SceneDelegate.swift in Sources */,
			);
			runOnlyForDeploymentPostprocessing = 0;
		};
		19AB7E462834B027009F7A3E /* Sources */ = {
			isa = PBXSourcesBuildPhase;
			buildActionMask = 2147483647;
			files = (
				19AB7EA92836E98B009F7A3E /* SchoolListVCTests.swift in Sources */,
				19AB7E9528369092009F7A3E /* NYCSchoolTestMocks.swift in Sources */,
				19E7A58128388F29006830BC /* AppCoordinatorTests.swift in Sources */,
				19AB7EAB2836E99A009F7A3E /* SchoolDetailsVCTest.swift in Sources */,
				19AB7E972836A93F009F7A3E /* SchoolListViewModelTests.swift in Sources */,
				19AB7E992836AB69009F7A3E /* DetailsViewModelTests.swift in Sources */,
			);
			runOnlyForDeploymentPostprocessing = 0;
		};
		19AB7E502834B028009F7A3E /* Sources */ = {
			isa = PBXSourcesBuildPhase;
			buildActionMask = 2147483647;
			files = (
				19AB7E592834B028009F7A3E /* NYCSchoolsUITests.swift in Sources */,
				19AB7E5B2834B028009F7A3E /* NYCSchoolsUITestsLaunchTests.swift in Sources */,
			);
			runOnlyForDeploymentPostprocessing = 0;
		};
/* End PBXSourcesBuildPhase section */

/* Begin PBXTargetDependency section */
		19AB7E4C2834B027009F7A3E /* PBXTargetDependency */ = {
			isa = PBXTargetDependency;
			target = 19AB7E332834B022009F7A3E /* NYCSchools */;
			targetProxy = 19AB7E4B2834B027009F7A3E /* PBXContainerItemProxy */;
		};
		19AB7E562834B028009F7A3E /* PBXTargetDependency */ = {
			isa = PBXTargetDependency;
			target = 19AB7E332834B022009F7A3E /* NYCSchools */;
			targetProxy = 19AB7E552834B028009F7A3E /* PBXContainerItemProxy */;
		};
/* End PBXTargetDependency section */

/* Begin PBXVariantGroup section */
		19AB7E3D2834B023009F7A3E /* Main.storyboard */ = {
			isa = PBXVariantGroup;
			children = (
				19AB7E3E2834B023009F7A3E /* Base */,
			);
			name = Main.storyboard;
			sourceTree = "<group>";
		};
		19AB7E422834B027009F7A3E /* LaunchScreen.storyboard */ = {
			isa = PBXVariantGroup;
			children = (
				19AB7E432834B027009F7A3E /* Base */,
			);
			name = LaunchScreen.storyboard;
			sourceTree = "<group>";
		};
/* End PBXVariantGroup section */

/* Begin XCBuildConfiguration section */
		19AB7E5C2834B028009F7A3E /* Debug */ = {
			isa = XCBuildConfiguration;
			buildSettings = {
				ALWAYS_SEARCH_USER_PATHS = NO;
				CLANG_ANALYZER_NONNULL = YES;
				CLANG_ANALYZER_NUMBER_OBJECT_CONVERSION = YES_AGGRESSIVE;
				CLANG_CXX_LANGUAGE_STANDARD = "gnu++17";
				CLANG_CXX_LIBRARY = "libc++";
				CLANG_ENABLE_MODULES = YES;
				CLANG_ENABLE_OBJC_ARC = YES;
				CLANG_ENABLE_OBJC_WEAK = YES;
				CLANG_WARN_BLOCK_CAPTURE_AUTORELEASING = YES;
				CLANG_WARN_BOOL_CONVERSION = YES;
				CLANG_WARN_COMMA = YES;
				CLANG_WARN_CONSTANT_CONVERSION = YES;
				CLANG_WARN_DEPRECATED_OBJC_IMPLEMENTATIONS = YES;
				CLANG_WARN_DIRECT_OBJC_ISA_USAGE = YES_ERROR;
				CLANG_WARN_DOCUMENTATION_COMMENTS = YES;
				CLANG_WARN_EMPTY_BODY = YES;
				CLANG_WARN_ENUM_CONVERSION = YES;
				CLANG_WARN_INFINITE_RECURSION = YES;
				CLANG_WARN_INT_CONVERSION = YES;
				CLANG_WARN_NON_LITERAL_NULL_CONVERSION = YES;
				CLANG_WARN_OBJC_IMPLICIT_RETAIN_SELF = YES;
				CLANG_WARN_OBJC_LITERAL_CONVERSION = YES;
				CLANG_WARN_OBJC_ROOT_CLASS = YES_ERROR;
				CLANG_WARN_QUOTED_INCLUDE_IN_FRAMEWORK_HEADER = YES;
				CLANG_WARN_RANGE_LOOP_ANALYSIS = YES;
				CLANG_WARN_STRICT_PROTOTYPES = YES;
				CLANG_WARN_SUSPICIOUS_MOVE = YES;
				CLANG_WARN_UNGUARDED_AVAILABILITY = YES_AGGRESSIVE;
				CLANG_WARN_UNREACHABLE_CODE = YES;
				CLANG_WARN__DUPLICATE_METHOD_MATCH = YES;
				COPY_PHASE_STRIP = NO;
				DEBUG_INFORMATION_FORMAT = dwarf;
				ENABLE_STRICT_OBJC_MSGSEND = YES;
				ENABLE_TESTABILITY = YES;
				GCC_C_LANGUAGE_STANDARD = gnu11;
				GCC_DYNAMIC_NO_PIC = NO;
				GCC_NO_COMMON_BLOCKS = YES;
				GCC_OPTIMIZATION_LEVEL = 0;
				GCC_PREPROCESSOR_DEFINITIONS = (
					"DEBUG=1",
					"$(inherited)",
				);
				GCC_WARN_64_TO_32_BIT_CONVERSION = YES;
				GCC_WARN_ABOUT_RETURN_TYPE = YES_ERROR;
				GCC_WARN_UNDECLARED_SELECTOR = YES;
				GCC_WARN_UNINITIALIZED_AUTOS = YES_AGGRESSIVE;
				GCC_WARN_UNUSED_FUNCTION = YES;
				GCC_WARN_UNUSED_VARIABLE = YES;
				IPHONEOS_DEPLOYMENT_TARGET = 13.0;
				MTL_ENABLE_DEBUG_INFO = INCLUDE_SOURCE;
				MTL_FAST_MATH = YES;
				ONLY_ACTIVE_ARCH = YES;
				SDKROOT = iphoneos;
				SWIFT_ACTIVE_COMPILATION_CONDITIONS = DEBUG;
				SWIFT_OPTIMIZATION_LEVEL = "-Onone";
			};
			name = Debug;
		};
		19AB7E5D2834B028009F7A3E /* Release */ = {
			isa = XCBuildConfiguration;
			buildSettings = {
				ALWAYS_SEARCH_USER_PATHS = NO;
				CLANG_ANALYZER_NONNULL = YES;
				CLANG_ANALYZER_NUMBER_OBJECT_CONVERSION = YES_AGGRESSIVE;
				CLANG_CXX_LANGUAGE_STANDARD = "gnu++17";
				CLANG_CXX_LIBRARY = "libc++";
				CLANG_ENABLE_MODULES = YES;
				CLANG_ENABLE_OBJC_ARC = YES;
				CLANG_ENABLE_OBJC_WEAK = YES;
				CLANG_WARN_BLOCK_CAPTURE_AUTORELEASING = YES;
				CLANG_WARN_BOOL_CONVERSION = YES;
				CLANG_WARN_COMMA = YES;
				CLANG_WARN_CONSTANT_CONVERSION = YES;
				CLANG_WARN_DEPRECATED_OBJC_IMPLEMENTATIONS = YES;
				CLANG_WARN_DIRECT_OBJC_ISA_USAGE = YES_ERROR;
				CLANG_WARN_DOCUMENTATION_COMMENTS = YES;
				CLANG_WARN_EMPTY_BODY = YES;
				CLANG_WARN_ENUM_CONVERSION = YES;
				CLANG_WARN_INFINITE_RECURSION = YES;
				CLANG_WARN_INT_CONVERSION = YES;
				CLANG_WARN_NON_LITERAL_NULL_CONVERSION = YES;
				CLANG_WARN_OBJC_IMPLICIT_RETAIN_SELF = YES;
				CLANG_WARN_OBJC_LITERAL_CONVERSION = YES;
				CLANG_WARN_OBJC_ROOT_CLASS = YES_ERROR;
				CLANG_WARN_QUOTED_INCLUDE_IN_FRAMEWORK_HEADER = YES;
				CLANG_WARN_RANGE_LOOP_ANALYSIS = YES;
				CLANG_WARN_STRICT_PROTOTYPES = YES;
				CLANG_WARN_SUSPICIOUS_MOVE = YES;
				CLANG_WARN_UNGUARDED_AVAILABILITY = YES_AGGRESSIVE;
				CLANG_WARN_UNREACHABLE_CODE = YES;
				CLANG_WARN__DUPLICATE_METHOD_MATCH = YES;
				COPY_PHASE_STRIP = NO;
				DEBUG_INFORMATION_FORMAT = "dwarf-with-dsym";
				ENABLE_NS_ASSERTIONS = NO;
				ENABLE_STRICT_OBJC_MSGSEND = YES;
				GCC_C_LANGUAGE_STANDARD = gnu11;
				GCC_NO_COMMON_BLOCKS = YES;
				GCC_WARN_64_TO_32_BIT_CONVERSION = YES;
				GCC_WARN_ABOUT_RETURN_TYPE = YES_ERROR;
				GCC_WARN_UNDECLARED_SELECTOR = YES;
				GCC_WARN_UNINITIALIZED_AUTOS = YES_AGGRESSIVE;
				GCC_WARN_UNUSED_FUNCTION = YES;
				GCC_WARN_UNUSED_VARIABLE = YES;
				IPHONEOS_DEPLOYMENT_TARGET = 13.0;
				MTL_ENABLE_DEBUG_INFO = NO;
				MTL_FAST_MATH = YES;
				SDKROOT = iphoneos;
				SWIFT_COMPILATION_MODE = wholemodule;
				SWIFT_OPTIMIZATION_LEVEL = "-O";
				VALIDATE_PRODUCT = YES;
			};
			name = Release;
		};
		19AB7E5F2834B028009F7A3E /* Debug */ = {
			isa = XCBuildConfiguration;
			buildSettings = {
				ASSETCATALOG_COMPILER_APPICON_NAME = AppIcon;
				ASSETCATALOG_COMPILER_GLOBAL_ACCENT_COLOR_NAME = AccentColor;
				CODE_SIGN_STYLE = Automatic;
				CURRENT_PROJECT_VERSION = 1;
				DEVELOPMENT_TEAM = PZK4942533;
				GENERATE_INFOPLIST_FILE = YES;
				INFOPLIST_FILE = NYCSchools/Info.plist;
				INFOPLIST_KEY_UIApplicationSupportsIndirectInputEvents = YES;
				INFOPLIST_KEY_UILaunchStoryboardName = LaunchScreen;
				INFOPLIST_KEY_UIMainStoryboardFile = Main;
				INFOPLIST_KEY_UISupportedInterfaceOrientations_iPad = "UIInterfaceOrientationPortrait UIInterfaceOrientationPortraitUpsideDown UIInterfaceOrientationLandscapeLeft UIInterfaceOrientationLandscapeRight";
				INFOPLIST_KEY_UISupportedInterfaceOrientations_iPhone = "UIInterfaceOrientationPortrait UIInterfaceOrientationLandscapeLeft UIInterfaceOrientationLandscapeRight";
				IPHONEOS_DEPLOYMENT_TARGET = 13.0;
				LD_RUNPATH_SEARCH_PATHS = (
					"$(inherited)",
					"@executable_path/Frameworks",
				);
				MARKETING_VERSION = 1.0;
				PRODUCT_BUNDLE_IDENTIFIER = com.sachithrajakaruna.NYCSchools;
				PRODUCT_NAME = "$(TARGET_NAME)";
				SWIFT_EMIT_LOC_STRINGS = YES;
				SWIFT_VERSION = 5.0;
				TARGETED_DEVICE_FAMILY = "1,2";
			};
			name = Debug;
		};
		19AB7E602834B028009F7A3E /* Release */ = {
			isa = XCBuildConfiguration;
			buildSettings = {
				ASSETCATALOG_COMPILER_APPICON_NAME = AppIcon;
				ASSETCATALOG_COMPILER_GLOBAL_ACCENT_COLOR_NAME = AccentColor;
				CODE_SIGN_STYLE = Automatic;
				CURRENT_PROJECT_VERSION = 1;
				DEVELOPMENT_TEAM = PZK4942533;
				GENERATE_INFOPLIST_FILE = YES;
				INFOPLIST_FILE = NYCSchools/Info.plist;
				INFOPLIST_KEY_UIApplicationSupportsIndirectInputEvents = YES;
				INFOPLIST_KEY_UILaunchStoryboardName = LaunchScreen;
				INFOPLIST_KEY_UIMainStoryboardFile = Main;
				INFOPLIST_KEY_UISupportedInterfaceOrientations_iPad = "UIInterfaceOrientationPortrait UIInterfaceOrientationPortraitUpsideDown UIInterfaceOrientationLandscapeLeft UIInterfaceOrientationLandscapeRight";
				INFOPLIST_KEY_UISupportedInterfaceOrientations_iPhone = "UIInterfaceOrientationPortrait UIInterfaceOrientationLandscapeLeft UIInterfaceOrientationLandscapeRight";
				IPHONEOS_DEPLOYMENT_TARGET = 13.0;
				LD_RUNPATH_SEARCH_PATHS = (
					"$(inherited)",
					"@executable_path/Frameworks",
				);
				MARKETING_VERSION = 1.0;
				PRODUCT_BUNDLE_IDENTIFIER = com.sachithrajakaruna.NYCSchools;
				PRODUCT_NAME = "$(TARGET_NAME)";
				SWIFT_EMIT_LOC_STRINGS = YES;
				SWIFT_VERSION = 5.0;
				TARGETED_DEVICE_FAMILY = "1,2";
			};
			name = Release;
		};
		19AB7E622834B028009F7A3E /* Debug */ = {
			isa = XCBuildConfiguration;
			buildSettings = {
				ALWAYS_EMBED_SWIFT_STANDARD_LIBRARIES = YES;
				BUNDLE_LOADER = "$(TEST_HOST)";
				CODE_SIGN_STYLE = Automatic;
				CURRENT_PROJECT_VERSION = 1;
				DEVELOPMENT_TEAM = PZK4942533;
				GENERATE_INFOPLIST_FILE = YES;
				IPHONEOS_DEPLOYMENT_TARGET = 13.0;
				MARKETING_VERSION = 1.0;
				PRODUCT_BUNDLE_IDENTIFIER = com.sachithrajakaruna.NYCSchoolsTests;
				PRODUCT_NAME = "$(TARGET_NAME)";
				SWIFT_EMIT_LOC_STRINGS = NO;
				SWIFT_VERSION = 5.0;
				TARGETED_DEVICE_FAMILY = "1,2";
				TEST_HOST = "$(BUILT_PRODUCTS_DIR)/NYCSchools.app/NYCSchools";
			};
			name = Debug;
		};
		19AB7E632834B028009F7A3E /* Release */ = {
			isa = XCBuildConfiguration;
			buildSettings = {
				ALWAYS_EMBED_SWIFT_STANDARD_LIBRARIES = YES;
				BUNDLE_LOADER = "$(TEST_HOST)";
				CODE_SIGN_STYLE = Automatic;
				CURRENT_PROJECT_VERSION = 1;
				DEVELOPMENT_TEAM = PZK4942533;
				GENERATE_INFOPLIST_FILE = YES;
				IPHONEOS_DEPLOYMENT_TARGET = 13.0;
				MARKETING_VERSION = 1.0;
				PRODUCT_BUNDLE_IDENTIFIER = com.sachithrajakaruna.NYCSchoolsTests;
				PRODUCT_NAME = "$(TARGET_NAME)";
				SWIFT_EMIT_LOC_STRINGS = NO;
				SWIFT_VERSION = 5.0;
				TARGETED_DEVICE_FAMILY = "1,2";
				TEST_HOST = "$(BUILT_PRODUCTS_DIR)/NYCSchools.app/NYCSchools";
			};
			name = Release;
		};
		19AB7E652834B028009F7A3E /* Debug */ = {
			isa = XCBuildConfiguration;
			buildSettings = {
				ALWAYS_EMBED_SWIFT_STANDARD_LIBRARIES = YES;
				CODE_SIGN_STYLE = Automatic;
				CURRENT_PROJECT_VERSION = 1;
				DEVELOPMENT_TEAM = PZK4942533;
				GENERATE_INFOPLIST_FILE = YES;
				MARKETING_VERSION = 1.0;
				PRODUCT_BUNDLE_IDENTIFIER = com.sachithrajakaruna.NYCSchoolsUITests;
				PRODUCT_NAME = "$(TARGET_NAME)";
				SWIFT_EMIT_LOC_STRINGS = NO;
				SWIFT_VERSION = 5.0;
				TARGETED_DEVICE_FAMILY = "1,2";
				TEST_TARGET_NAME = NYCSchools;
			};
			name = Debug;
		};
		19AB7E662834B028009F7A3E /* Release */ = {
			isa = XCBuildConfiguration;
			buildSettings = {
				ALWAYS_EMBED_SWIFT_STANDARD_LIBRARIES = YES;
				CODE_SIGN_STYLE = Automatic;
				CURRENT_PROJECT_VERSION = 1;
				DEVELOPMENT_TEAM = PZK4942533;
				GENERATE_INFOPLIST_FILE = YES;
				MARKETING_VERSION = 1.0;
				PRODUCT_BUNDLE_IDENTIFIER = com.sachithrajakaruna.NYCSchoolsUITests;
				PRODUCT_NAME = "$(TARGET_NAME)";
				SWIFT_EMIT_LOC_STRINGS = NO;
				SWIFT_VERSION = 5.0;
				TARGETED_DEVICE_FAMILY = "1,2";
				TEST_TARGET_NAME = NYCSchools;
			};
			name = Release;
		};
/* End XCBuildConfiguration section */

/* Begin XCConfigurationList section */
		19AB7E2F2834B022009F7A3E /* Build configuration list for PBXProject "NYCSchools" */ = {
			isa = XCConfigurationList;
			buildConfigurations = (
				19AB7E5C2834B028009F7A3E /* Debug */,
				19AB7E5D2834B028009F7A3E /* Release */,
			);
			defaultConfigurationIsVisible = 0;
			defaultConfigurationName = Release;
		};
		19AB7E5E2834B028009F7A3E /* Build configuration list for PBXNativeTarget "NYCSchools" */ = {
			isa = XCConfigurationList;
			buildConfigurations = (
				19AB7E5F2834B028009F7A3E /* Debug */,
				19AB7E602834B028009F7A3E /* Release */,
			);
			defaultConfigurationIsVisible = 0;
			defaultConfigurationName = Release;
		};
		19AB7E612834B028009F7A3E /* Build configuration list for PBXNativeTarget "NYCSchoolsTests" */ = {
			isa = XCConfigurationList;
			buildConfigurations = (
				19AB7E622834B028009F7A3E /* Debug */,
				19AB7E632834B028009F7A3E /* Release */,
			);
			defaultConfigurationIsVisible = 0;
			defaultConfigurationName = Release;
		};
		19AB7E642834B028009F7A3E /* Build configuration list for PBXNativeTarget "NYCSchoolsUITests" */ = {
			isa = XCConfigurationList;
			buildConfigurations = (
				19AB7E652834B028009F7A3E /* Debug */,
				19AB7E662834B028009F7A3E /* Release */,
			);
			defaultConfigurationIsVisible = 0;
			defaultConfigurationName = Release;
		};
/* End XCConfigurationList section */

/* Begin XCRemoteSwiftPackageReference section */
		19AB7E8528365438009F7A3E /* XCRemoteSwiftPackageReference "swift-collections" */ = {
			isa = XCRemoteSwiftPackageReference;
			repositoryURL = "https://github.com/apple/swift-collections.git";
			requirement = {
				kind = upToNextMajorVersion;
				minimumVersion = 1.0.0;
			};
		};
/* End XCRemoteSwiftPackageReference section */

/* Begin XCSwiftPackageProductDependency section */
		19AB7E8628365438009F7A3E /* Collections */ = {
			isa = XCSwiftPackageProductDependency;
			package = 19AB7E8528365438009F7A3E /* XCRemoteSwiftPackageReference "swift-collections" */;
			productName = Collections;
		};
		19AB7E8828365438009F7A3E /* DequeModule */ = {
			isa = XCSwiftPackageProductDependency;
			package = 19AB7E8528365438009F7A3E /* XCRemoteSwiftPackageReference "swift-collections" */;
			productName = DequeModule;
		};
		19AB7E8A28365438009F7A3E /* OrderedCollections */ = {
			isa = XCSwiftPackageProductDependency;
			package = 19AB7E8528365438009F7A3E /* XCRemoteSwiftPackageReference "swift-collections" */;
			productName = OrderedCollections;
		};
/* End XCSwiftPackageProductDependency section */
	};
	rootObject = 19AB7E2C2834B022009F7A3E /* Project object */;
}
